lockfileVersion: '9.0'

settings:
  autoInstallPeers: true
  excludeLinksFromLockfile: false

importers:

  .:
    dependencies:
      internetarchive-sdk-js:
        specifier: 1.0.22-beta
        version: 1.0.22-beta

packages:

  asynckit@0.4.0:
    resolution: {integrity: sha512-Oei9OH4tRh0YqU3GxhX79dM/mwVgvbZJaSNaRk+bshkj0S5cfHcgYakreBjrHwatXKbz+IoIdYLxrKim2MjW0Q==}

  axios@1.7.2:
    resolution: {integrity: sha512-2A8QhOMrbomlDuiLeK9XibIBzuHeRcqqNOHp0Cyp5EoJ1IFDh+XZH3A6BkXtv0K4gFGCI0Y4BM7B1wOEi0Rmgw==}

  call-bind@1.0.7:
    resolution: {integrity: sha512-GHTSNSYICQ7scH7sZ+M2rFopRoLh8t2bLSW6BbgrtLsahOIB5iyAVJf9GjWK3cYTDaMj4XdBpM1cA6pIS0Kv2w==}
    engines: {node: '>= 0.4'}

  combined-stream@1.0.8:
    resolution: {integrity: sha512-FQN4MRfuJeHf7cBbBMJFXhKSDq+2kAArBlmRBvcvFE5BB1HZKXtSFASDhdlz9zOYwxh8lDdnvmMOe/+5cdoEdg==}
    engines: {node: '>= 0.8'}

  define-data-property@1.1.4:
    resolution: {integrity: sha512-rBMvIzlpA8v6E+SJZoo++HAYqsLrkg7MSfIinMPFhmkorw7X+dOXVJQs+QT69zGkzMyfDnIMN2Wid1+NbL3T+A==}
    engines: {node: '>= 0.4'}

  delayed-stream@1.0.0:
    resolution: {integrity: sha512-ZySD7Nf91aLB0RxL4KGrKHBXl7Eds1DAmEdcoVawXnLD7SDhpNgtuII2aAkg7a7QS41jxPSZ17p4VdGnMHk3MQ==}
    engines: {node: '>=0.4.0'}

  es-define-property@1.0.0:
    resolution: {integrity: sha512-jxayLKShrEqqzJ0eumQbVhTYQM27CfT1T35+gCgDFoL82JLsXqTJ76zv6A0YLOgEnLUMvLzsDsGIrl8NFpT2gQ==}
    engines: {node: '>= 0.4'}

  es-errors@1.3.0:
    resolution: {integrity: sha512-Zf5H2Kxt2xjTvbJvP2ZWLEICxA6j+hAmMzIlypy4xcBg1vKVnx89Wy0GbS+kf5cwCVFFzdCFh2XSCFNULS6csw==}
    engines: {node: '>= 0.4'}

  follow-redirects@1.15.6:
    resolution: {integrity: sha512-wWN62YITEaOpSK584EZXJafH1AGpO8RVgElfkuXbTOrPX4fIfOyEpW/CsiNd8JdYrAoOvafRTOEnvsO++qCqFA==}
    engines: {node: '>=4.0'}
    peerDependencies:
      debug: '*'
    peerDependenciesMeta:
      debug:
        optional: true

  form-data@4.0.0:
    resolution: {integrity: sha512-ETEklSGi5t0QMZuiXoA/Q6vcnxcLQP5vdugSpuAyi6SVGi2clPPp+xgEhuMaHC+zGgn31Kd235W35f7Hykkaww==}
    engines: {node: '>= 6'}

  function-bind@1.1.2:
    resolution: {integrity: sha512-7XHNxH7qX9xG5mIwxkhumTox/MIRNcOgDrxWsMt2pAr23WHp6MrRlN7FBSFpCpr+oVO0F744iUgR82nJMfG2SA==}

  get-intrinsic@1.2.4:
    resolution: {integrity: sha512-5uYhsJH8VJBTv7oslg4BznJYhDoRI6waYCxMmCdnTrcCrHA/fCFKoTFz2JKKE0HdDFUF7/oQuhzumXJK7paBRQ==}
    engines: {node: '>= 0.4'}

  gopd@1.0.1:
    resolution: {integrity: sha512-d65bNlIadxvpb/A2abVdlqKqV563juRnZ1Wtk6s1sIR8uNsXR70xqIzVqxVf1eTqDunwT2MkczEeaezCKTZhwA==}

  has-property-descriptors@1.0.2:
    resolution: {integrity: sha512-55JNKuIW+vq4Ke1BjOTjM2YctQIvCT7GFzHwmfZPGo5wnrgkid0YQtnAleFSqumZm4az3n2BS+erby5ipJdgrg==}

  has-proto@1.0.3:
    resolution: {integrity: sha512-SJ1amZAJUiZS+PhsVLf5tGydlaVB8EdFpaSO4gmiUKUOxk8qzn5AIy4ZeJUmh22znIdk/uMAUT2pl3FxzVUH+Q==}
    engines: {node: '>= 0.4'}

  has-symbols@1.0.3:
    resolution: {integrity: sha512-l3LCuF6MgDNwTDKkdYGEihYjt5pRPbEg46rtlmnSPlUbgmB8LOIrKJbYYFBSbnPaJexMKtiPO8hmeRjRz2Td+A==}
    engines: {node: '>= 0.4'}

  hasown@2.0.2:
    resolution: {integrity: sha512-0hJU9SCPvmMzIBdZFqNPXWa6dqh7WdH0cII9y+CyS8rG3nL48Bclra9HmKhVVUHyPWNH5Y7xDwAB7bfgSjkUMQ==}
    engines: {node: '>= 0.4'}

  internetarchive-sdk-js@1.0.22-beta:
    resolution: {integrity: sha512-isZkqFEXAczMI2+y8+ftvXLt+f08yZ5wFBjkXMsOwcFJR14lULMdoL+6JZyOuulxD2JKKQRmDM5jGwchKrurQw==}
    engines: {node: '>=18'}

  mime-db@1.52.0:
    resolution: {integrity: sha512-sPU4uV7dYlvtWJxwwxHD0PuihVNiE7TyAbQ5SWxDCB9mUYvOgroQOwYQQOKPJ8CIbE+1ETVlOoK1UC2nU3gYvg==}
    engines: {node: '>= 0.6'}

  mime-types@2.1.35:
    resolution: {integrity: sha512-ZDY+bPm5zTTF+YpCrAU9nK0UgICYPT0QtT1NZWFv4s++TNkcgVaT0g6+4R2uI4MjQjzysHB1zxuWL50hzaeXiw==}
    engines: {node: '>= 0.6'}

  object-inspect@1.13.2:
    resolution: {integrity: sha512-IRZSRuzJiynemAXPYtPe5BoI/RESNYR7TYm50MC5Mqbd3Jmw5y790sErYw3V6SryFJD64b74qQQs9wn5Bg/k3g==}
    engines: {node: '>= 0.4'}

  proxy-from-env@1.1.0:
    resolution: {integrity: sha512-D+zkORCbA9f1tdWRK0RaCR3GPv50cMxcrz4X8k5LTSUD1Dkw47mKJEZQNunItRTkWwgtaUSo1RVFRIG9ZXiFYg==}

  qs@6.12.1:
    resolution: {integrity: sha512-zWmv4RSuB9r2mYQw3zxQuHWeU+42aKi1wWig/j4ele4ygELZ7PEO6MM7rim9oAQH2A5MWfsAVf/jPvTPgCbvUQ==}
    engines: {node: '>=0.6'}

  set-function-length@1.2.2:
    resolution: {integrity: sha512-pgRc4hJ4/sNjWCSS9AmnS40x3bNMDTknHgL5UaMBTMyJnU90EgWh1Rz+MC9eFu4BuN/UwZjKQuY/1v3rM7HMfg==}
    engines: {node: '>= 0.4'}

  side-channel@1.0.6:
    resolution: {integrity: sha512-fDW/EZ6Q9RiO8eFG8Hj+7u/oW+XrPTIChwCOM2+th2A6OblDtYYIpve9m+KvI9Z4C9qSEXlaGR6bTEYHReuglA==}
    engines: {node: '>= 0.4'}

  slugify@1.6.6:
    resolution: {integrity: sha512-h+z7HKHYXj6wJU+AnS/+IH8Uh9fdcX1Lrhg1/VMdf9PwoBQXFcXiAdsy2tSK0P6gKwJLXp02r90ahUCqHk9rrw==}
    engines: {node: '>=8.0.0'}

snapshots:

  asynckit@0.4.0: {}

  axios@1.7.2:
    dependencies:
      follow-redirects: 1.15.6
      form-data: 4.0.0
      proxy-from-env: 1.1.0
    transitivePeerDependencies:
      - debug

  call-bind@1.0.7:
    dependencies:
      es-define-property: 1.0.0
      es-errors: 1.3.0
      function-bind: 1.1.2
      get-intrinsic: 1.2.4
      set-function-length: 1.2.2

  combined-stream@1.0.8:
    dependencies:
      delayed-stream: 1.0.0

  define-data-property@1.1.4:
    dependencies:
      es-define-property: 1.0.0
      es-errors: 1.3.0
      gopd: 1.0.1

  delayed-stream@1.0.0: {}

  es-define-property@1.0.0:
    dependencies:
      get-intrinsic: 1.2.4

  es-errors@1.3.0: {}

  follow-redirects@1.15.6: {}

  form-data@4.0.0:
    dependencies:
      asynckit: 0.4.0
      combined-stream: 1.0.8
      mime-types: 2.1.35

  function-bind@1.1.2: {}

  get-intrinsic@1.2.4:
    dependencies:
      es-errors: 1.3.0
      function-bind: 1.1.2
      has-proto: 1.0.3
      has-symbols: 1.0.3
      hasown: 2.0.2

  gopd@1.0.1:
    dependencies:
      get-intrinsic: 1.2.4

  has-property-descriptors@1.0.2:
    dependencies:
      es-define-property: 1.0.0

  has-proto@1.0.3: {}

  has-symbols@1.0.3: {}

  hasown@2.0.2:
    dependencies:
      function-bind: 1.1.2

  internetarchive-sdk-js@1.0.22-beta:
    dependencies:
      axios: 1.7.2
      qs: 6.12.1
      slugify: 1.6.6
    transitivePeerDependencies:
      - debug

  mime-db@1.52.0: {}

  mime-types@2.1.35:
    dependencies:
      mime-db: 1.52.0

  object-inspect@1.13.2: {}

  proxy-from-env@1.1.0: {}

  qs@6.12.1:
    dependencies:
      side-channel: 1.0.6

  set-function-length@1.2.2:
    dependencies:
      define-data-property: 1.1.4
      es-errors: 1.3.0
      function-bind: 1.1.2
      get-intrinsic: 1.2.4
      gopd: 1.0.1
      has-property-descriptors: 1.0.2

  side-channel@1.0.6:
    dependencies:
      call-bind: 1.0.7
      es-errors: 1.3.0
      get-intrinsic: 1.2.4
      object-inspect: 1.13.2

  slugify@1.6.6: {}
